// !$*UTF8*$!
{
	archiveVersion = 1;
	classes = {
	};
	objectVersion = 46;
	objects = {

/* Begin PBXBuildFile section */
		42D0599D1ADA0454009C9E0C /* main.m in Sources */ = {isa = PBXBuildFile; fileRef = 42D0599C1ADA0454009C9E0C /* main.m */; };
		42D059A01ADA0454009C9E0C /* AppDelegate.m in Sources */ = {isa = PBXBuildFile; fileRef = 42D0599F1ADA0454009C9E0C /* AppDelegate.m */; };
		42D059A31ADA0454009C9E0C /* ViewController.m in Sources */ = {isa = PBXBuildFile; fileRef = 42D059A21ADA0454009C9E0C /* ViewController.m */; };
		42D059A61ADA0454009C9E0C /* Main.storyboard in Resources */ = {isa = PBXBuildFile; fileRef = 42D059A41ADA0454009C9E0C /* Main.storyboard */; };
		42D059A81ADA0454009C9E0C /* Images.xcassets in Resources */ = {isa = PBXBuildFile; fileRef = 42D059A71ADA0454009C9E0C /* Images.xcassets */; };
		42D059AB1ADA0454009C9E0C /* LaunchScreen.xib in Resources */ = {isa = PBXBuildFile; fileRef = 42D059A91ADA0454009C9E0C /* LaunchScreen.xib */; };
		42D059B71ADA0454009C9E0C /* WatchKitObjModalTests.m in Sources */ = {isa = PBXBuildFile; fileRef = 42D059B61ADA0454009C9E0C /* WatchKitObjModalTests.m */; };
		42D059D01ADA0466009C9E0C /* Images.xcassets in Resources */ = {isa = PBXBuildFile; fileRef = 42D059CF1ADA0466009C9E0C /* Images.xcassets */; };
		42D059D41ADA0466009C9E0C /* WatchKitObjModal WatchKit App.app in Resources */ = {isa = PBXBuildFile; fileRef = 42D059D31ADA0466009C9E0C /* WatchKitObjModal WatchKit App.app */; };
		42D059DC1ADA0466009C9E0C /* Interface.storyboard in Resources */ = {isa = PBXBuildFile; fileRef = 42D059DA1ADA0466009C9E0C /* Interface.storyboard */; };
		42D059DE1ADA0466009C9E0C /* Images.xcassets in Resources */ = {isa = PBXBuildFile; fileRef = 42D059DD1ADA0466009C9E0C /* Images.xcassets */; };
		42D059E11ADA0466009C9E0C /* WatchKitObjModal WatchKit Extension.appex in Embed App Extensions */ = {isa = PBXBuildFile; fileRef = 42D059C41ADA0466009C9E0C /* WatchKitObjModal WatchKit Extension.appex */; settings = {ATTRIBUTES = (RemoveHeadersOnCopy, ); }; };
		42D059EC1ADA19E9009C9E0C /* FirstInterfaceController.m in Sources */ = {isa = PBXBuildFile; fileRef = 42D059EB1ADA19E9009C9E0C /* FirstInterfaceController.m */; };
		42D059EF1ADA1A18009C9E0C /* SecondInterfaceController.m in Sources */ = {isa = PBXBuildFile; fileRef = 42D059EE1ADA1A18009C9E0C /* SecondInterfaceController.m */; };
/* End PBXBuildFile section */

/* Begin PBXContainerItemProxy section */
		42D059B11ADA0454009C9E0C /* PBXContainerItemProxy */ = {
			isa = PBXContainerItemProxy;
			containerPortal = 42D0598F1ADA0454009C9E0C /* Project object */;
			proxyType = 1;
			remoteGlobalIDString = 42D059961ADA0454009C9E0C;
			remoteInfo = WatchKitObjModal;
		};
		42D059D51ADA0466009C9E0C /* PBXContainerItemProxy */ = {
			isa = PBXContainerItemProxy;
			containerPortal = 42D0598F1ADA0454009C9E0C /* Project object */;
			proxyType = 1;
			remoteGlobalIDString = 42D059D21ADA0466009C9E0C;
			remoteInfo = "WatchKitObjModal WatchKit App";
		};
		42D059DF1ADA0466009C9E0C /* PBXContainerItemProxy */ = {
			isa = PBXContainerItemProxy;
			containerPortal = 42D0598F1ADA0454009C9E0C /* Project object */;
			proxyType = 1;
			remoteGlobalIDString = 42D059C31ADA0466009C9E0C;
			remoteInfo = "WatchKitObjModal WatchKit Extension";
		};
/* End PBXContainerItemProxy section */

/* Begin PBXCopyFilesBuildPhase section */
		42D059E81ADA0466009C9E0C /* Embed App Extensions */ = {
			isa = PBXCopyFilesBuildPhase;
			buildActionMask = 2147483647;
			dstPath = "";
			dstSubfolderSpec = 13;
			files = (
				42D059E11ADA0466009C9E0C /* WatchKitObjModal WatchKit Extension.appex in Embed App Extensions */,
			);
			name = "Embed App Extensions";
			runOnlyForDeploymentPostprocessing = 0;
		};
/* End PBXCopyFilesBuildPhase section */

/* Begin PBXFileReference section */
		42D059971ADA0454009C9E0C /* WatchKitObjModal.app */ = {isa = PBXFileReference; explicitFileType = wrapper.application; includeInIndex = 0; path = WatchKitObjModal.app; sourceTree = BUILT_PRODUCTS_DIR; };
		42D0599B1ADA0454009C9E0C /* Info.plist */ = {isa = PBXFileReference; lastKnownFileType = text.plist.xml; path = Info.plist; sourceTree = "<group>"; };
		42D0599C1ADA0454009C9E0C /* main.m */ = {isa = PBXFileReference; lastKnownFileType = sourcecode.c.objc; path = main.m; sourceTree = "<group>"; };
		42D0599E1ADA0454009C9E0C /* AppDelegate.h */ = {isa = PBXFileReference; lastKnownFileType = sourcecode.c.h; path = AppDelegate.h; sourceTree = "<group>"; };
		42D0599F1ADA0454009C9E0C /* AppDelegate.m */ = {isa = PBXFileReference; lastKnownFileType = sourcecode.c.objc; path = AppDelegate.m; sourceTree = "<group>"; };
		42D059A11ADA0454009C9E0C /* ViewController.h */ = {isa = PBXFileReference; lastKnownFileType = sourcecode.c.h; path = ViewController.h; sourceTree = "<group>"; };
		42D059A21ADA0454009C9E0C /* ViewController.m */ = {isa = PBXFileReference; lastKnownFileType = sourcecode.c.objc; path = ViewController.m; sourceTree = "<group>"; };
		42D059A51ADA0454009C9E0C /* Base */ = {isa = PBXFileReference; lastKnownFileType = file.storyboard; name = Base; path = Base.lproj/Main.storyboard; sourceTree = "<group>"; };
		42D059A71ADA0454009C9E0C /* Images.xcassets */ = {isa = PBXFileReference; lastKnownFileType = folder.assetcatalog; path = Images.xcassets; sourceTree = "<group>"; };
		42D059AA1ADA0454009C9E0C /* Base */ = {isa = PBXFileReference; lastKnownFileType = file.xib; name = Base; path = Base.lproj/LaunchScreen.xib; sourceTree = "<group>"; };
		42D059B01ADA0454009C9E0C /* WatchKitObjModalTests.xctest */ = {isa = PBXFileReference; explicitFileType = wrapper.cfbundle; includeInIndex = 0; path = WatchKitObjModalTests.xctest; sourceTree = BUILT_PRODUCTS_DIR; };
		42D059B51ADA0454009C9E0C /* Info.plist */ = {isa = PBXFileReference; lastKnownFileType = text.plist.xml; path = Info.plist; sourceTree = "<group>"; };
		42D059B61ADA0454009C9E0C /* WatchKitObjModalTests.m */ = {isa = PBXFileReference; lastKnownFileType = sourcecode.c.objc; path = WatchKitObjModalTests.m; sourceTree = "<group>"; };
		42D059C41ADA0466009C9E0C /* WatchKitObjModal WatchKit Extension.appex */ = {isa = PBXFileReference; explicitFileType = "wrapper.app-extension"; includeInIndex = 0; path = "WatchKitObjModal WatchKit Extension.appex"; sourceTree = BUILT_PRODUCTS_DIR; };
		42D059C71ADA0466009C9E0C /* Info.plist */ = {isa = PBXFileReference; lastKnownFileType = text.plist.xml; path = Info.plist; sourceTree = "<group>"; };
		42D059C81ADA0466009C9E0C /* PushNotificationPayload.apns */ = {isa = PBXFileReference; lastKnownFileType = text; path = PushNotificationPayload.apns; sourceTree = "<group>"; };
		42D059CF1ADA0466009C9E0C /* Images.xcassets */ = {isa = PBXFileReference; lastKnownFileType = folder.assetcatalog; path = Images.xcassets; sourceTree = "<group>"; };
		42D059D31ADA0466009C9E0C /* WatchKitObjModal WatchKit App.app */ = {isa = PBXFileReference; explicitFileType = wrapper.application; includeInIndex = 0; path = "WatchKitObjModal WatchKit App.app"; sourceTree = BUILT_PRODUCTS_DIR; };
		42D059D91ADA0466009C9E0C /* Info.plist */ = {isa = PBXFileReference; lastKnownFileType = text.plist.xml; path = Info.plist; sourceTree = "<group>"; };
		42D059DB1ADA0466009C9E0C /* Base */ = {isa = PBXFileReference; lastKnownFileType = file.storyboard; name = Base; path = Base.lproj/Interface.storyboard; sourceTree = "<group>"; };
		42D059DD1ADA0466009C9E0C /* Images.xcassets */ = {isa = PBXFileReference; lastKnownFileType = folder.assetcatalog; path = Images.xcassets; sourceTree = "<group>"; };
		42D059EA1ADA19E9009C9E0C /* FirstInterfaceController.h */ = {isa = PBXFileReference; fileEncoding = 4; lastKnownFileType = sourcecode.c.h; path = FirstInterfaceController.h; sourceTree = "<group>"; };
		42D059EB1ADA19E9009C9E0C /* FirstInterfaceController.m */ = {isa = PBXFileReference; fileEncoding = 4; lastKnownFileType = sourcecode.c.objc; path = FirstInterfaceController.m; sourceTree = "<group>"; };
		42D059ED1ADA1A18009C9E0C /* SecondInterfaceController.h */ = {isa = PBXFileReference; fileEncoding = 4; lastKnownFileType = sourcecode.c.h; path = SecondInterfaceController.h; sourceTree = "<group>"; };
		42D059EE1ADA1A18009C9E0C /* SecondInterfaceController.m */ = {isa = PBXFileReference; fileEncoding = 4; lastKnownFileType = sourcecode.c.objc; path = SecondInterfaceController.m; sourceTree = "<group>"; };
/* End PBXFileReference section */

/* Begin PBXFrameworksBuildPhase section */
		42D059941ADA0454009C9E0C /* Frameworks */ = {
			isa = PBXFrameworksBuildPhase;
			buildActionMask = 2147483647;
			files = (
			);
			runOnlyForDeploymentPostprocessing = 0;
		};
		42D059AD1ADA0454009C9E0C /* Frameworks */ = {
			isa = PBXFrameworksBuildPhase;
			buildActionMask = 2147483647;
			files = (
			);
			runOnlyForDeploymentPostprocessing = 0;
		};
		42D059C11ADA0466009C9E0C /* Frameworks */ = {
			isa = PBXFrameworksBuildPhase;
			buildActionMask = 2147483647;
			files = (
			);
			runOnlyForDeploymentPostprocessing = 0;
		};
/* End PBXFrameworksBuildPhase section */

/* Begin PBXGroup section */
		42D0598E1ADA0454009C9E0C = {
			isa = PBXGroup;
			children = (
				42D059991ADA0454009C9E0C /* WatchKitObjModal */,
				42D059B31ADA0454009C9E0C /* WatchKitObjModalTests */,
				42D059C51ADA0466009C9E0C /* WatchKitObjModal WatchKit Extension */,
				42D059D71ADA0466009C9E0C /* WatchKitObjModal WatchKit App */,
				42D059981ADA0454009C9E0C /* Products */,
			);
			sourceTree = "<group>";
		};
		42D059981ADA0454009C9E0C /* Products */ = {
			isa = PBXGroup;
			children = (
				42D059971ADA0454009C9E0C /* WatchKitObjModal.app */,
				42D059B01ADA0454009C9E0C /* WatchKitObjModalTests.xctest */,
				42D059C41ADA0466009C9E0C /* WatchKitObjModal WatchKit Extension.appex */,
				42D059D31ADA0466009C9E0C /* WatchKitObjModal WatchKit App.app */,
			);
			name = Products;
			sourceTree = "<group>";
		};
		42D059991ADA0454009C9E0C /* WatchKitObjModal */ = {
			isa = PBXGroup;
			children = (
				42D0599E1ADA0454009C9E0C /* AppDelegate.h */,
				42D0599F1ADA0454009C9E0C /* AppDelegate.m */,
				42D059A11ADA0454009C9E0C /* ViewController.h */,
				42D059A21ADA0454009C9E0C /* ViewController.m */,
				42D059A41ADA0454009C9E0C /* Main.storyboard */,
				42D059A71ADA0454009C9E0C /* Images.xcassets */,
				42D059A91ADA0454009C9E0C /* LaunchScreen.xib */,
				42D0599A1ADA0454009C9E0C /* Supporting Files */,
			);
			path = WatchKitObjModal;
			sourceTree = "<group>";
		};
		42D0599A1ADA0454009C9E0C /* Supporting Files */ = {
			isa = PBXGroup;
			children = (
				42D0599B1ADA0454009C9E0C /* Info.plist */,
				42D0599C1ADA0454009C9E0C /* main.m */,
			);
			name = "Supporting Files";
			sourceTree = "<group>";
		};
		42D059B31ADA0454009C9E0C /* WatchKitObjModalTests */ = {
			isa = PBXGroup;
			children = (
				42D059B61ADA0454009C9E0C /* WatchKitObjModalTests.m */,
				42D059B41ADA0454009C9E0C /* Supporting Files */,
			);
			path = WatchKitObjModalTests;
			sourceTree = "<group>";
		};
		42D059B41ADA0454009C9E0C /* Supporting Files */ = {
			isa = PBXGroup;
			children = (
				42D059B51ADA0454009C9E0C /* Info.plist */,
			);
			name = "Supporting Files";
			sourceTree = "<group>";
		};
		42D059C51ADA0466009C9E0C /* WatchKitObjModal WatchKit Extension */ = {
			isa = PBXGroup;
			children = (
				42D059EA1ADA19E9009C9E0C /* FirstInterfaceController.h */,
				42D059EB1ADA19E9009C9E0C /* FirstInterfaceController.m */,
				42D059ED1ADA1A18009C9E0C /* SecondInterfaceController.h */,
				42D059EE1ADA1A18009C9E0C /* SecondInterfaceController.m */,
				42D059CF1ADA0466009C9E0C /* Images.xcassets */,
				42D059C61ADA0466009C9E0C /* Supporting Files */,
			);
			path = "WatchKitObjModal WatchKit Extension";
			sourceTree = "<group>";
		};
		42D059C61ADA0466009C9E0C /* Supporting Files */ = {
			isa = PBXGroup;
			children = (
				42D059C71ADA0466009C9E0C /* Info.plist */,
				42D059C81ADA0466009C9E0C /* PushNotificationPayload.apns */,
			);
			name = "Supporting Files";
			sourceTree = "<group>";
		};
		42D059D71ADA0466009C9E0C /* WatchKitObjModal WatchKit App */ = {
			isa = PBXGroup;
			children = (
				42D059DA1ADA0466009C9E0C /* Interface.storyboard */,
				42D059DD1ADA0466009C9E0C /* Images.xcassets */,
				42D059D81ADA0466009C9E0C /* Supporting Files */,
			);
			path = "WatchKitObjModal WatchKit App";
			sourceTree = "<group>";
		};
		42D059D81ADA0466009C9E0C /* Supporting Files */ = {
			isa = PBXGroup;
			children = (
				42D059D91ADA0466009C9E0C /* Info.plist */,
			);
			name = "Supporting Files";
			sourceTree = "<group>";
		};
/* End PBXGroup section */

/* Begin PBXNativeTarget section */
		42D059961ADA0454009C9E0C /* WatchKitObjModal */ = {
			isa = PBXNativeTarget;
			buildConfigurationList = 42D059BA1ADA0454009C9E0C /* Build configuration list for PBXNativeTarget "WatchKitObjModal" */;
			buildPhases = (
				42D059931ADA0454009C9E0C /* Sources */,
				42D059941ADA0454009C9E0C /* Frameworks */,
				42D059951ADA0454009C9E0C /* Resources */,
				42D059E81ADA0466009C9E0C /* Embed App Extensions */,
			);
			buildRules = (
			);
			dependencies = (
				42D059E01ADA0466009C9E0C /* PBXTargetDependency */,
			);
			name = WatchKitObjModal;
			productName = WatchKitObjModal;
			productReference = 42D059971ADA0454009C9E0C /* WatchKitObjModal.app */;
			productType = "com.apple.product-type.application";
		};
		42D059AF1ADA0454009C9E0C /* WatchKitObjModalTests */ = {
			isa = PBXNativeTarget;
			buildConfigurationList = 42D059BD1ADA0454009C9E0C /* Build configuration list for PBXNativeTarget "WatchKitObjModalTests" */;
			buildPhases = (
				42D059AC1ADA0454009C9E0C /* Sources */,
				42D059AD1ADA0454009C9E0C /* Frameworks */,
				42D059AE1ADA0454009C9E0C /* Resources */,
			);
			buildRules = (
			);
			dependencies = (
				42D059B21ADA0454009C9E0C /* PBXTargetDependency */,
			);
			name = WatchKitObjModalTests;
			productName = WatchKitObjModalTests;
			productReference = 42D059B01ADA0454009C9E0C /* WatchKitObjModalTests.xctest */;
			productType = "com.apple.product-type.bundle.unit-test";
		};
		42D059C31ADA0466009C9E0C /* WatchKitObjModal WatchKit Extension */ = {
			isa = PBXNativeTarget;
			buildConfigurationList = 42D059E51ADA0466009C9E0C /* Build configuration list for PBXNativeTarget "WatchKitObjModal WatchKit Extension" */;
			buildPhases = (
				42D059C01ADA0466009C9E0C /* Sources */,
				42D059C11ADA0466009C9E0C /* Frameworks */,
				42D059C21ADA0466009C9E0C /* Resources */,
			);
			buildRules = (
			);
			dependencies = (
				42D059D61ADA0466009C9E0C /* PBXTargetDependency */,
			);
			name = "WatchKitObjModal WatchKit Extension";
			productName = "WatchKitObjModal WatchKit Extension";
			productReference = 42D059C41ADA0466009C9E0C /* WatchKitObjModal WatchKit Extension.appex */;
			productType = "com.apple.product-type.watchkit-extension";
		};
		42D059D21ADA0466009C9E0C /* WatchKitObjModal WatchKit App */ = {
			isa = PBXNativeTarget;
			buildConfigurationList = 42D059E21ADA0466009C9E0C /* Build configuration list for PBXNativeTarget "WatchKitObjModal WatchKit App" */;
			buildPhases = (
				42D059D11ADA0466009C9E0C /* Resources */,
			);
			buildRules = (
			);
			dependencies = (
			);
			name = "WatchKitObjModal WatchKit App";
			productName = "WatchKitObjModal WatchKit App";
			productReference = 42D059D31ADA0466009C9E0C /* WatchKitObjModal WatchKit App.app */;
			productType = "com.apple.product-type.application.watchapp";
		};
/* End PBXNativeTarget section */

/* Begin PBXProject section */
		42D0598F1ADA0454009C9E0C /* Project object */ = {
			isa = PBXProject;
			attributes = {
				LastUpgradeCheck = 0630;
				ORGANIZATIONNAME = MAEDAHAJIME;
				TargetAttributes = {
					42D059961ADA0454009C9E0C = {
						CreatedOnToolsVersion = 6.3;
					};
					42D059AF1ADA0454009C9E0C = {
						CreatedOnToolsVersion = 6.3;
						TestTargetID = 42D059961ADA0454009C9E0C;
					};
					42D059C31ADA0466009C9E0C = {
						CreatedOnToolsVersion = 6.3;
					};
					42D059D21ADA0466009C9E0C = {
						CreatedOnToolsVersion = 6.3;
					};
				};
			};
			buildConfigurationList = 42D059921ADA0454009C9E0C /* Build configuration list for PBXProject "WatchKitObjModal" */;
			compatibilityVersion = "Xcode 3.2";
			developmentRegion = English;
			hasScannedForEncodings = 0;
			knownRegions = (
				en,
				Base,
			);
			mainGroup = 42D0598E1ADA0454009C9E0C;
			productRefGroup = 42D059981ADA0454009C9E0C /* Products */;
			projectDirPath = "";
			projectRoot = "";
			targets = (
				42D059961ADA0454009C9E0C /* WatchKitObjModal */,
				42D059AF1ADA0454009C9E0C /* WatchKitObjModalTests */,
				42D059C31ADA0466009C9E0C /* WatchKitObjModal WatchKit Extension */,
				42D059D21ADA0466009C9E0C /* WatchKitObjModal WatchKit App */,
			);
		};
/* End PBXProject section */

/* Begin PBXResourcesBuildPhase section */
		42D059951ADA0454009C9E0C /* Resources */ = {
			isa = PBXResourcesBuildPhase;
			buildActionMask = 2147483647;
			files = (
				42D059A61ADA0454009C9E0C /* Main.storyboard in Resources */,
				42D059AB1ADA0454009C9E0C /* LaunchScreen.xib in Resources */,
				42D059A81ADA0454009C9E0C /* Images.xcassets in Resources */,
			);
			runOnlyForDeploymentPostprocessing = 0;
		};
		42D059AE1ADA0454009C9E0C /* Resources */ = {
			isa = PBXResourcesBuildPhase;
			buildActionMask = 2147483647;
			files = (
			);
			runOnlyForDeploymentPostprocessing = 0;
		};
		42D059C21ADA0466009C9E0C /* Resources */ = {
			isa = PBXResourcesBuildPhase;
			buildActionMask = 2147483647;
			files = (
				42D059D01ADA0466009C9E0C /* Images.xcassets in Resources */,
				42D059D41ADA0466009C9E0C /* WatchKitObjModal WatchKit App.app in Resources */,
			);
			runOnlyForDeploymentPostprocessing = 0;
		};
		42D059D11ADA0466009C9E0C /* Resources */ = {
			isa = PBXResourcesBuildPhase;
			buildActionMask = 2147483647;
			files = (
				42D059DC1ADA0466009C9E0C /* Interface.storyboard in Resources */,
				42D059DE1ADA0466009C9E0C /* Images.xcassets in Resources */,
			);
			runOnlyForDeploymentPostprocessing = 0;
		};
/* End PBXResourcesBuildPhase section */

/* Begin PBXSourcesBuildPhase section */
		42D059931ADA0454009C9E0C /* Sources */ = {
			isa = PBXSourcesBuildPhase;
			buildActionMask = 2147483647;
			files = (
				42D059A31ADA0454009C9E0C /* ViewController.m in Sources */,
				42D059A01ADA0454009C9E0C /* AppDelegate.m in Sources */,
				42D0599D1ADA0454009C9E0C /* main.m in Sources */,
			);
			runOnlyForDeploymentPostprocessing = 0;
		};
		42D059AC1ADA0454009C9E0C /* Sources */ = {
			isa = PBXSourcesBuildPhase;
			buildActionMask = 2147483647;
			files = (
				42D059B71ADA0454009C9E0C /* WatchKitObjModalTests.m in Sources */,
			);
			runOnlyForDeploymentPostprocessing = 0;
		};
		42D059C01ADA0466009C9E0C /* Sources */ = {
			isa = PBXSourcesBuildPhase;
			buildActionMask = 2147483647;
			files = (
				42D059EF1ADA1A18009C9E0C /* SecondInterfaceController.m in Sources */,
				42D059EC1ADA19E9009C9E0C /* FirstInterfaceController.m in Sources */,
			);
			runOnlyForDeploymentPostprocessing = 0;
		};
/* End PBXSourcesBuildPhase section */

/* Begin PBXTargetDependency section */
		42D059B21ADA0454009C9E0C /* PBXTargetDependency */ = {
			isa = PBXTargetDependency;
			target = 42D059961ADA0454009C9E0C /* WatchKitObjModal */;
			targetProxy = 42D059B11ADA0454009C9E0C /* PBXContainerItemProxy */;
		};
		42D059D61ADA0466009C9E0C /* PBXTargetDependency */ = {
			isa = PBXTargetDependency;
			target = 42D059D21ADA0466009C9E0C /* WatchKitObjModal WatchKit App */;
			targetProxy = 42D059D51ADA0466009C9E0C /* PBXContainerItemProxy */;
		};
		42D059E01ADA0466009C9E0C /* PBXTargetDependency */ = {
			isa = PBXTargetDependency;
			target = 42D059C31ADA0466009C9E0C /* WatchKitObjModal WatchKit Extension */;
			targetProxy = 42D059DF1ADA0466009C9E0C /* PBXContainerItemProxy */;
		};
/* End PBXTargetDependency section */

/* Begin PBXVariantGroup section */
		42D059A41ADA0454009C9E0C /* Main.storyboard */ = {
			isa = PBXVariantGroup;
			children = (
				42D059A51ADA0454009C9E0C /* Base */,
			);
			name = Main.storyboard;
			sourceTree = "<group>";
		};
		42D059A91ADA0454009C9E0C /* LaunchScreen.xib */ = {
			isa = PBXVariantGroup;
			children = (
				42D059AA1ADA0454009C9E0C /* Base */,
			);
			name = LaunchScreen.xib;
			sourceTree = "<group>";
		};
		42D059DA1ADA0466009C9E0C /* Interface.storyboard */ = {
			isa = PBXVariantGroup;
			children = (
				42D059DB1ADA0466009C9E0C /* Base */,
			);
			name = Interface.storyboard;
			sourceTree = "<group>";
		};
/* End PBXVariantGroup section */

/* Begin XCBuildConfiguration section */
		42D059B81ADA0454009C9E0C /* Debug */ = {
			isa = XCBuildConfiguration;
			buildSettings = {
				ALWAYS_SEARCH_USER_PATHS = NO;
				CLANG_CXX_LANGUAGE_STANDARD = "gnu++0x";
				CLANG_CXX_LIBRARY = "libc++";
				CLANG_ENABLE_MODULES = YES;
				CLANG_ENABLE_OBJC_ARC = YES;
				CLANG_WARN_BOOL_CONVERSION = YES;
				CLANG_WARN_CONSTANT_CONVERSION = YES;
				CLANG_WARN_DIRECT_OBJC_ISA_USAGE = YES_ERROR;
				CLANG_WARN_EMPTY_BODY = YES;
				CLANG_WARN_ENUM_CONVERSION = YES;
				CLANG_WARN_INT_CONVERSION = YES;
				CLANG_WARN_OBJC_ROOT_CLASS = YES_ERROR;
				CLANG_WARN_UNREACHABLE_CODE = YES;
				CLANG_WARN__DUPLICATE_METHOD_MATCH = YES;
				"CODE_SIGN_IDENTITY[sdk=iphoneos*]" = "iPhone Developer";
				COPY_PHASE_STRIP = NO;
				DEBUG_INFORMATION_FORMAT = "dwarf-with-dsym";
				ENABLE_STRICT_OBJC_MSGSEND = YES;
				GCC_C_LANGUAGE_STANDARD = gnu99;
				GCC_DYNAMIC_NO_PIC = NO;
				GCC_NO_COMMON_BLOCKS = YES;
				GCC_OPTIMIZATION_LEVEL = 0;
				GCC_PREPROCESSOR_DEFINITIONS = (
					"DEBUG=1",
					"$(inherited)",
				);
				GCC_SYMBOLS_PRIVATE_EXTERN = NO;
				GCC_WARN_64_TO_32_BIT_CONVERSION = YES;
				GCC_WARN_ABOUT_RETURN_TYPE = YES_ERROR;
				GCC_WARN_UNDECLARED_SELECTOR = YES;
				GCC_WARN_UNINITIALIZED_AUTOS = YES_AGGRESSIVE;
				GCC_WARN_UNUSED_FUNCTION = YES;
				GCC_WARN_UNUSED_VARIABLE = YES;
				IPHONEOS_DEPLOYMENT_TARGET = 8.3;
				MTL_ENABLE_DEBUG_INFO = YES;
				ONLY_ACTIVE_ARCH = YES;
				SDKROOT = iphoneos;
			};
			name = Debug;
		};
		42D059B91ADA0454009C9E0C /* Release */ = {
			isa = XCBuildConfiguration;
			buildSettings = {
				ALWAYS_SEARCH_USER_PATHS = NO;
				CLANG_CXX_LANGUAGE_STANDARD = "gnu++0x";
				CLANG_CXX_LIBRARY = "libc++";
				CLANG_ENABLE_MODULES = YES;
				CLANG_ENABLE_OBJC_ARC = YES;
				CLANG_WARN_BOOL_CONVERSION = YES;
				CLANG_WARN_CONSTANT_CONVERSION = YES;
				CLANG_WARN_DIRECT_OBJC_ISA_USAGE = YES_ERROR;
				CLANG_WARN_EMPTY_BODY = YES;
				CLANG_WARN_ENUM_CONVERSION = YES;
				CLANG_WARN_INT_CONVERSION = YES;
				CLANG_WARN_OBJC_ROOT_CLASS = YES_ERROR;
				CLANG_WARN_UNREACHABLE_CODE = YES;
				CLANG_WARN__DUPLICATE_METHOD_MATCH = YES;
				"CODE_SIGN_IDENTITY[sdk=iphoneos*]" = "iPhone Developer";
				COPY_PHASE_STRIP = NO;
				DEBUG_INFORMATION_FORMAT = "dwarf-with-dsym";
				ENABLE_NS_ASSERTIONS = NO;
				ENABLE_STRICT_OBJC_MSGSEND = YES;
				GCC_C_LANGUAGE_STANDARD = gnu99;
				GCC_NO_COMMON_BLOCKS = YES;
				GCC_WARN_64_TO_32_BIT_CONVERSION = YES;
				GCC_WARN_ABOUT_RETURN_TYPE = YES_ERROR;
				GCC_WARN_UNDECLARED_SELECTOR = YES;
				GCC_WARN_UNINITIALIZED_AUTOS = YES_AGGRESSIVE;
				GCC_WARN_UNUSED_FUNCTION = YES;
				GCC_WARN_UNUSED_VARIABLE = YES;
				IPHONEOS_DEPLOYMENT_TARGET = 8.3;
				MTL_ENABLE_DEBUG_INFO = NO;
				SDKROOT = iphoneos;
				VALIDATE_PRODUCT = YES;
			};
			name = Release;
		};
		42D059BB1ADA0454009C9E0C /* Debug */ = {
			isa = XCBuildConfiguration;
			buildSettings = {
				ASSETCATALOG_COMPILER_APPICON_NAME = AppIcon;
				INFOPLIST_FILE = WatchKitObjModal/Info.plist;
				IPHONEOS_DEPLOYMENT_TARGET = 8.3;
				LD_RUNPATH_SEARCH_PATHS = "$(inherited) @executable_path/Frameworks";
				PRODUCT_NAME = "$(TARGET_NAME)";
			};
			name = Debug;
		};
		42D059BC1ADA0454009C9E0C /* Release */ = {
			isa = XCBuildConfiguration;
			buildSettings = {
				ASSETCATALOG_COMPILER_APPICON_NAME = AppIcon;
				INFOPLIST_FILE = WatchKitObjModal/Info.plist;
				IPHONEOS_DEPLOYMENT_TARGET = 8.3;
				LD_RUNPATH_SEARCH_PATHS = "$(inherited) @executable_path/Frameworks";
				PRODUCT_NAME = "$(TARGET_NAME)";
			};
			name = Release;
		};
		42D059BE1ADA0454009C9E0C /* Debug */ = {
			isa = XCBuildConfiguration;
			buildSettings = {
				BUNDLE_LOADER = "$(TEST_HOST)";
				FRAMEWORK_SEARCH_PATHS = (
					"$(SDKROOT)/Developer/Library/Frameworks",
					"$(inherited)",
				);
				GCC_PREPROCESSOR_DEFINITIONS = (
					"DEBUG=1",
					"$(inherited)",
				);
				INFOPLIST_FILE = WatchKitObjModalTests/Info.plist;
				LD_RUNPATH_SEARCH_PATHS = "$(inherited) @executable_path/Frameworks @loader_path/Frameworks";
				PRODUCT_NAME = "$(TARGET_NAME)";
				TEST_HOST = "$(BUILT_PRODUCTS_DIR)/WatchKitObjModal.app/WatchKitObjModal";
			};
			name = Debug;
		};
		42D059BF1ADA0454009C9E0C /* Release */ = {
			isa = XCBuildConfiguration;
			buildSettings = {
				BUNDLE_LOADER = "$(TEST_HOST)";
				FRAMEWORK_SEARCH_PATHS = (
					"$(SDKROOT)/Developer/Library/Frameworks",
					"$(inherited)",
				);
				INFOPLIST_FILE = WatchKitObjModalTests/Info.plist;
				LD_RUNPATH_SEARCH_PATHS = "$(inherited) @executable_path/Frameworks @loader_path/Frameworks";
				PRODUCT_NAME = "$(TARGET_NAME)";
				TEST_HOST = "$(BUILT_PRODUCTS_DIR)/WatchKitObjModal.app/WatchKitObjModal";
			};
			name = Release;
		};
		42D059E31ADA0466009C9E0C /* Debug */ = {
			isa = XCBuildConfiguration;
			buildSettings = {
				ASSETCATALOG_COMPILER_APPICON_NAME = AppIcon;
				GCC_PREPROCESSOR_DEFINITIONS = (
					"DEBUG=1",
					"$(inherited)",
				);
				IBSC_MODULE = WatchKitObjModal_WatchKit_Extension;
				INFOPLIST_FILE = "WatchKitObjModal WatchKit App/Info.plist";
				IPHONEOS_DEPLOYMENT_TARGET = 8.2;
				PRODUCT_NAME = "$(TARGET_NAME)";
				SKIP_INSTALL = YES;
				TARGETED_DEVICE_FAMILY = 4;
				"TARGETED_DEVICE_FAMILY[sdk=iphonesimulator*]" = "1,4";
			};
			name = Debug;
		};
		42D059E41ADA0466009C9E0C /* Release */ = {
			isa = XCBuildConfiguration;
			buildSettings = {
				ASSETCATALOG_COMPILER_APPICON_NAME = AppIcon;
				IBSC_MODULE = WatchKitObjModal_WatchKit_Extension;
				INFOPLIST_FILE = "WatchKitObjModal WatchKit App/Info.plist";
				IPHONEOS_DEPLOYMENT_TARGET = 8.2;
				PRODUCT_NAME = "$(TARGET_NAME)";
				SKIP_INSTALL = YES;
				TARGETED_DEVICE_FAMILY = 4;
				"TARGETED_DEVICE_FAMILY[sdk=iphonesimulator*]" = "1,4";
			};
			name = Release;
		};
		42D059E61ADA0466009C9E0C /* Debug */ = {
			isa = XCBuildConfiguration;
			buildSettings = {
				GCC_PREPROCESSOR_DEFINITIONS = (
					"DEBUG=1",
					"$(inherited)",
				);
				INFOPLIST_FILE = "WatchKitObjModal WatchKit Extension/Info.plist";
				LD_RUNPATH_SEARCH_PATHS = "$(inherited) @executable_path/Frameworks @executable_path/../../Frameworks";
				PRODUCT_NAME = "${TARGET_NAME}";
				SKIP_INSTALL = YES;
			};
			name = Debug;
		};
		42D059E71ADA0466009C9E0C /* Release */ = {
			isa = XCBuildConfiguration;
			buildSettings = {
				INFOPLIST_FILE = "WatchKitObjModal WatchKit Extension/Info.plist";
				LD_RUNPATH_SEARCH_PATHS = "$(inherited) @executable_path/Frameworks @executable_path/../../Frameworks";
				PRODUCT_NAME = "${TARGET_NAME}";
				SKIP_INSTALL = YES;
			};
			name = Release;
		};
/* End XCBuildConfiguration section */

/* Begin XCConfigurationList section */
		42D059921ADA0454009C9E0C /* Build configuration list for PBXProject "WatchKitObjModal" */ = {
			isa = XCConfigurationList;
			buildConfigurations = (
				42D059B81ADA0454009C9E0C /* Debug */,
				42D059B91ADA0454009C9E0C /* Release */,
			);
			defaultConfigurationIsVisible = 0;
			defaultConfigurationName = Release;
		};
		42D059BA1ADA0454009C9E0C /* Build configuration list for PBXNativeTarget "WatchKitObjModal" */ = {
			isa = XCConfigurationList;
			buildConfigurations = (
				42D059BB1ADA0454009C9E0C /* Debug */,
				42D059BC1ADA0454009C9E0C /* Release */,
			);
			defaultConfigurationIsVisible = 0;
			defaultConfigurationName = Release;
		};
		42D059BD1ADA0454009C9E0C /* Build configuration list for PBXNativeTarget "WatchKitObjModalTests" */ = {
			isa = XCConfigurationList;
			buildConfigurations = (
				42D059BE1ADA0454009C9E0C /* Debug */,
				42D059BF1ADA0454009C9E0C /* Release */,
			);
			defaultConfigurationIsVisible = 0;
			defaultConfigurationName = Release;
		};
		42D059E21ADA0466009C9E0C /* Build configuration list for PBXNativeTarget "WatchKitObjModal WatchKit App" */ = {
			isa = XCConfigurationList;
			buildConfigurations = (
				42D059E31ADA0466009C9E0C /* Debug */,
				42D059E41ADA0466009C9E0C /* Release */,
			);
			defaultConfigurationIsVisible = 0;
			defaultConfigurationName = Release;
		};
		42D059E51ADA0466009C9E0C /* Build configuration list for PBXNativeTarget "WatchKitObjModal WatchKit Extension" */ = {
			isa = XCConfigurationList;
			buildConfigurations = (
				42D059E61ADA0466009C9E0C /* Debug */,
				42D059E71ADA0466009C9E0C /* Release */,
			);
			defaultConfigurationIsVisible = 0;
			defaultConfigurationName = Release;
		};
/* End XCConfigurationList section */
	};
	rootObject = 42D0598F1ADA0454009C9E0C /* Project object */;
}
